# This file is automatically @generated by Poetry 1.8.2 and should not be changed by hand.

[[package]]
name = "colorama"
version = "0.4.6"
description = "Cross-platform colored terminal text."
optional = false
python-versions = "!=3.0.*,!=3.1.*,!=3.2.*,!=3.3.*,!=3.4.*,!=3.5.*,!=3.6.*,>=2.7"
files = [
    {file = "colorama-0.4.6-py2.py3-none-any.whl", hash = "sha256:4f1d9991f5acc0ca119f9d443620b77f9d6b33703e51011c16baf57afb285fc6"},
    {file = "colorama-0.4.6.tar.gz", hash = "sha256:08695f5cb7ed6e0531a20572697297273c47b8cae5a63ffc6d6ed5c201be6e44"},
]

[[package]]
name = "exceptiongroup"
version = "1.2.1"
description = "Backport of PEP 654 (exception groups)"
optional = false
python-versions = ">=3.7"
files = [
    {file = "exceptiongroup-1.2.1-py3-none-any.whl", hash = "sha256:5258b9ed329c5bbdd31a309f53cbfb0b155341807f6ff7606a1e801a891b29ad"},
    {file = "exceptiongroup-1.2.1.tar.gz", hash = "sha256:a4785e48b045528f5bfe627b6ad554ff32def154f42372786903b7abcfe1aa16"},
]

[package.extras]
test = ["pytest (>=6)"]

[[package]]
name = "iniconfig"
version = "2.0.0"
description = "brain-dead simple config-ini parsing"
optional = false
python-versions = ">=3.7"
files = [
    {file = "iniconfig-2.0.0-py3-none-any.whl", hash = "sha256:b6a85871a79d2e3b22d2d1b94ac2824226a63c6b741c88f7ae975f18b6778374"},
    {file = "iniconfig-2.0.0.tar.gz", hash = "sha256:2d91e135bf72d31a410b17c16da610a82cb55f6b0477d1a902134b24a455b8b3"},
]

[[package]]
name = "nodeenv"
version = "1.8.0"
description = "Node.js virtual environment builder"
optional = false
python-versions = ">=2.7,!=3.0.*,!=3.1.*,!=3.2.*,!=3.3.*,!=3.4.*,!=3.5.*,!=3.6.*"
files = [
    {file = "nodeenv-1.8.0-py2.py3-none-any.whl", hash = "sha256:df865724bb3c3adc86b3876fa209771517b0cfe596beff01a92700e0e8be4cec"},
    {file = "nodeenv-1.8.0.tar.gz", hash = "sha256:d51e0c37e64fbf47d017feac3145cdbb58836d7eee8c6f6d3b6880c5456227d2"},
]

[package.dependencies]
setuptools = "*"

[[package]]
name = "packaging"
version = "24.0"
description = "Core utilities for Python packages"
optional = false
python-versions = ">=3.7"
files = [
    {file = "packaging-24.0-py3-none-any.whl", hash = "sha256:2ddfb553fdf02fb784c234c7ba6ccc288296ceabec964ad2eae3777778130bc5"},
    {file = "packaging-24.0.tar.gz", hash = "sha256:eb82c5e3e56209074766e6885bb04b8c38a0c015d0a30036ebe7ece34c9989e9"},
]

[[package]]
name = "pluggy"
version = "1.5.0"
description = "plugin and hook calling mechanisms for python"
optional = false
python-versions = ">=3.8"
files = [
    {file = "pluggy-1.5.0-py3-none-any.whl", hash = "sha256:44e1ad92c8ca002de6377e165f3e0f1be63266ab4d554740532335b9d75ea669"},
    {file = "pluggy-1.5.0.tar.gz", hash = "sha256:2cffa88e94fdc978c4c574f15f9e59b7f4201d439195c3715ca9e2486f1d0cf1"},
]

[package.extras]
dev = ["pre-commit", "tox"]
testing = ["pytest", "pytest-benchmark"]

[[package]]
name = "pyright"
version = "1.1.365"
description = "Command line wrapper for pyright"
optional = false
python-versions = ">=3.7"
files = [
    {file = "pyright-1.1.365-py3-none-any.whl", hash = "sha256:194d767a039f9034376b7ec8423841880ac6efdd061f3e283b4ad9fcd484a659"},
    {file = "pyright-1.1.365.tar.gz", hash = "sha256:d7e69000939aed4bf823707086c30c84c005bdd39fac2dfb370f0e5be16c2ef2"},
]

[package.dependencies]
nodeenv = ">=1.6.0"

[package.extras]
all = ["twine (>=3.4.1)"]
dev = ["twine (>=3.4.1)"]

[[package]]
name = "pytest"
version = "8.2.1"
description = "pytest: simple powerful testing with Python"
optional = false
python-versions = ">=3.8"
files = [
    {file = "pytest-8.2.1-py3-none-any.whl", hash = "sha256:faccc5d332b8c3719f40283d0d44aa5cf101cec36f88cde9ed8f2bc0538612b1"},
    {file = "pytest-8.2.1.tar.gz", hash = "sha256:5046e5b46d8e4cac199c373041f26be56fdb81eb4e67dc11d4e10811fc3408fd"},
]

[package.dependencies]
colorama = {version = "*", markers = "sys_platform == \"win32\""}
exceptiongroup = {version = ">=1.0.0rc8", markers = "python_version < \"3.11\""}
iniconfig = "*"
packaging = "*"
pluggy = ">=1.5,<2.0"
tomli = {version = ">=1", markers = "python_version < \"3.11\""}

[package.extras]
dev = ["argcomplete", "attrs (>=19.2)", "hypothesis (>=3.56)", "mock", "pygments (>=2.7.2)", "requests", "setuptools", "xmlschema"]

[[package]]
name = "pytest-rerunfailures"
version = "14.0"
description = "pytest plugin to re-run tests to eliminate flaky failures"
optional = false
python-versions = ">=3.8"
files = [
    {file = "pytest-rerunfailures-14.0.tar.gz", hash = "sha256:4a400bcbcd3c7a4ad151ab8afac123d90eca3abe27f98725dc4d9702887d2e92"},
    {file = "pytest_rerunfailures-14.0-py3-none-any.whl", hash = "sha256:4197bdd2eaeffdbf50b5ea6e7236f47ff0e44d1def8dae08e409f536d84e7b32"},
]

[package.dependencies]
packaging = ">=17.1"
pytest = ">=7.2"

[[package]]
name = "ruff"
version = "0.4.6"
description = "An extremely fast Python linter and code formatter, written in Rust."
optional = false
python-versions = ">=3.7"
files = [
    {file = "ruff-0.4.6-py3-none-macosx_10_12_x86_64.whl", hash = "sha256:ef995583a038cd4a7edf1422c9e19118e2511b8ba0b015861b4abd26ec5367c5"},
    {file = "ruff-0.4.6-py3-none-macosx_11_0_arm64.whl", hash = "sha256:602ebd7ad909eab6e7da65d3c091547781bb06f5f826974a53dbe563d357e53c"},
    {file = "ruff-0.4.6-py3-none-manylinux_2_17_aarch64.manylinux2014_aarch64.whl", hash = "sha256:3f9ced5cbb7510fd7525448eeb204e0a22cabb6e99a3cb160272262817d49786"},
    {file = "ruff-0.4.6-py3-none-manylinux_2_17_armv7l.manylinux2014_armv7l.whl", hash = "sha256:04a80acfc862e0e1630c8b738e70dcca03f350bad9e106968a8108379e12b31f"},
    {file = "ruff-0.4.6-py3-none-manylinux_2_17_i686.manylinux2014_i686.whl", hash = "sha256:be47700ecb004dfa3fd4dcdddf7322d4e632de3c06cd05329d69c45c0280e618"},
    {file = "ruff-0.4.6-py3-none-manylinux_2_17_ppc64.manylinux2014_ppc64.whl", hash = "sha256:1ff930d6e05f444090a0139e4e13e1e2e1f02bd51bb4547734823c760c621e79"},
    {file = "ruff-0.4.6-py3-none-manylinux_2_17_ppc64le.manylinux2014_ppc64le.whl", hash = "sha256:f13410aabd3b5776f9c5699f42b37a3a348d65498c4310589bc6e5c548dc8a2f"},
    {file = "ruff-0.4.6-py3-none-manylinux_2_17_s390x.manylinux2014_s390x.whl", hash = "sha256:0cf5cc02d3ae52dfb0c8a946eb7a1d6ffe4d91846ffc8ce388baa8f627e3bd50"},
    {file = "ruff-0.4.6-py3-none-manylinux_2_17_x86_64.manylinux2014_x86_64.whl", hash = "sha256:ea3424793c29906407e3cf417f28fc33f689dacbbadfb52b7e9a809dd535dcef"},
    {file = "ruff-0.4.6-py3-none-musllinux_1_2_aarch64.whl", hash = "sha256:1fa8561489fadf483ffbb091ea94b9c39a00ed63efacd426aae2f197a45e67fc"},
    {file = "ruff-0.4.6-py3-none-musllinux_1_2_armv7l.whl", hash = "sha256:4d5b914818d8047270308fe3e85d9d7f4a31ec86c6475c9f418fbd1624d198e0"},
    {file = "ruff-0.4.6-py3-none-musllinux_1_2_i686.whl", hash = "sha256:4f02284335c766678778475e7698b7ab83abaf2f9ff0554a07b6f28df3b5c259"},
    {file = "ruff-0.4.6-py3-none-musllinux_1_2_x86_64.whl", hash = "sha256:3a6a0a4f4b5f54fff7c860010ab3dd81425445e37d35701a965c0248819dde7a"},
    {file = "ruff-0.4.6-py3-none-win32.whl", hash = "sha256:9018bf59b3aa8ad4fba2b1dc0299a6e4e60a4c3bc62bbeaea222679865453062"},
    {file = "ruff-0.4.6-py3-none-win_amd64.whl", hash = "sha256:a769ae07ac74ff1a019d6bd529426427c3e30d75bdf1e08bb3d46ac8f417326a"},
    {file = "ruff-0.4.6-py3-none-win_arm64.whl", hash = "sha256:735a16407a1a8f58e4c5b913ad6102722e80b562dd17acb88887685ff6f20cf6"},
    {file = "ruff-0.4.6.tar.gz", hash = "sha256:a797a87da50603f71e6d0765282098245aca6e3b94b7c17473115167d8dfb0b7"},
]

[[package]]
name = "setuptools"
version = "69.5.1"
description = "Easily download, build, install, upgrade, and uninstall Python packages"
optional = false
python-versions = ">=3.8"
files = [
    {file = "setuptools-69.5.1-py3-none-any.whl", hash = "sha256:c636ac361bc47580504644275c9ad802c50415c7522212252c033bd15f301f32"},
    {file = "setuptools-69.5.1.tar.gz", hash = "sha256:6c1fccdac05a97e598fb0ae3bbed5904ccb317337a51139dcd51453611bbb987"},
]

[package.extras]
docs = ["furo", "jaraco.packaging (>=9.3)", "jaraco.tidelift (>=1.4)", "pygments-github-lexers (==0.0.5)", "rst.linker (>=1.9)", "sphinx (>=3.5)", "sphinx-favicon", "sphinx-inline-tabs", "sphinx-lint", "sphinx-notfound-page (>=1,<2)", "sphinx-reredirects", "sphinxcontrib-towncrier"]
testing = ["build[virtualenv]", "filelock (>=3.4.0)", "importlib-metadata", "ini2toml[lite] (>=0.9)", "jaraco.develop (>=7.21)", "jaraco.envs (>=2.2)", "jaraco.path (>=3.2.0)", "mypy (==1.9)", "packaging (>=23.2)", "pip (>=19.1)", "pytest (>=6,!=8.1.1)", "pytest-checkdocs (>=2.4)", "pytest-cov", "pytest-enabler (>=2.2)", "pytest-home (>=0.5)", "pytest-mypy", "pytest-perf", "pytest-ruff (>=0.2.1)", "pytest-timeout", "pytest-xdist (>=3)", "tomli", "tomli-w (>=1.0.0)", "virtualenv (>=13.0.0)", "wheel"]
testing-integration = ["build[virtualenv] (>=1.0.3)", "filelock (>=3.4.0)", "jaraco.envs (>=2.2)", "jaraco.path (>=3.2.0)", "packaging (>=23.2)", "pytest", "pytest-enabler", "pytest-xdist", "tomli", "virtualenv (>=13.0.0)", "wheel"]

[[package]]
name = "tomli"
version = "2.0.1"
description = "A lil' TOML parser"
optional = false
python-versions = ">=3.7"
files = [
    {file = "tomli-2.0.1-py3-none-any.whl", hash = "sha256:939de3e7a6161af0c887ef91b7d41a53e7c5a1ca976325f429cb46ea9bc30ecc"},
    {file = "tomli-2.0.1.tar.gz", hash = "sha256:de526c12914f0c550d15924c62d72abc48d6fe7364aa87328337a31007fe8a4f"},
]

[metadata]
lock-version = "2.0"
python-versions = "^3.9"
content-hash = "5f22b160ff23eb682fb79fd5941e223f57f09fe54fecbd4ba9a4bb0eb88a8697"
