version = 1
revision = 3
requires-python = ">=3.10"

[[package]]
name = "colorama"
version = "0.4.6"
source = { registry = "https://pypi.org/simple" }
sdist = { url = "https://files.pythonhosted.org/packages/d8/53/6f443c9a4a8358a93a6792e2acffb9d9d5cb0a5cfd8802644b7b1c9a02e4/colorama-0.4.6.tar.gz", hash = "sha256:08695f5cb7ed6e0531a20572697297273c47b8cae5a63ffc6d6ed5c201be6e44", size = 27697, upload-time = "2022-10-25T02:36:22.414Z" }
wheels = [
    { url = "https://files.pythonhosted.org/packages/d1/d6/3965ed04c63042e047cb6a3e6ed1a63a35087b6a609aa3a15ed8ac56c221/colorama-0.4.6-py2.py3-none-any.whl", hash = "sha256:4f1d9991f5acc0ca119f9d443620b77f9d6b33703e51011c16baf57afb285fc6", size = 25335, upload-time = "2022-10-25T02:36:20.889Z" },
]

[[package]]
name = "exceptiongroup"
version = "1.2.2"
source = { registry = "https://pypi.org/simple" }
sdist = { url = "https://files.pythonhosted.org/packages/09/35/2495c4ac46b980e4ca1f6ad6db102322ef3ad2410b79fdde159a4b0f3b92/exceptiongroup-1.2.2.tar.gz", hash = "sha256:47c2edf7c6738fafb49fd34290706d1a1a2f4d1c6df275526b62cbb4aa5393cc", size = 28883, upload-time = "2024-07-12T22:26:00.161Z" }
wheels = [
    { url = "https://files.pythonhosted.org/packages/02/cc/b7e31358aac6ed1ef2bb790a9746ac2c69bcb3c8588b41616914eb106eaf/exceptiongroup-1.2.2-py3-none-any.whl", hash = "sha256:3111b9d131c238bec2f8f516e123e14ba243563fb135d3fe885990585aa7795b", size = 16453, upload-time = "2024-07-12T22:25:58.476Z" },
]

[[package]]
name = "iniconfig"
version = "2.0.0"
source = { registry = "https://pypi.org/simple" }
sdist = { url = "https://files.pythonhosted.org/packages/d7/4b/cbd8e699e64a6f16ca3a8220661b5f83792b3017d0f79807cb8708d33913/iniconfig-2.0.0.tar.gz", hash = "sha256:2d91e135bf72d31a410b17c16da610a82cb55f6b0477d1a902134b24a455b8b3", size = 4646, upload-time = "2023-01-07T11:08:11.254Z" }
wheels = [
    { url = "https://files.pythonhosted.org/packages/ef/a6/62565a6e1cf69e10f5727360368e451d4b7f58beeac6173dc9db836a5b46/iniconfig-2.0.0-py3-none-any.whl", hash = "sha256:b6a85871a79d2e3b22d2d1b94ac2824226a63c6b741c88f7ae975f18b6778374", size = 5892, upload-time = "2023-01-07T11:08:09.864Z" },
]

[[package]]
name = "moelib"
version = "0.1.0"
source = { editable = "." }

[package.dev-dependencies]
dev = [
    { name = "pytest" },
    { name = "pytest-rerunfailures" },
    { name = "ruff" },
    { name = "ty" },
]

[package.metadata]

[package.metadata.requires-dev]
dev = [
    { name = "pytest", specifier = ">=9.1.1" },
    { name = "pytest-rerunfailures", specifier = ">=16.7" },
    { name = "ruff", specifier = ">=0.16.9" },
    { name = "ty", specifier = ">=0.0.84" },
]

[[package]]
name = "packaging"
version = "24.1"
source = { registry = "https://pypi.org/simple" }
sdist = { url = "https://files.pythonhosted.org/packages/51/65/50db4dda066951078f0a96cf12f4b9ada6e4b811516bf0262c0f4f7064d4/packaging-24.1.tar.gz", hash = "sha256:026ed72c8ed3fcce5bf8950572258698927fd1dbda10a5e981cdf0ac37f4f002", size = 148788, upload-time = "2024-06-09T23:19:24.956Z" }
wheels = [
    { url = "https://files.pythonhosted.org/packages/08/aa/cc0199a5f0ad350994d660967a8efb233fe0416e4639146c089643407ce6/packaging-24.1-py3-none-any.whl", hash = "sha256:5b8f2217dbdbd2f7f384c41c628544e6d52f2d0f53c6d0c3ea61aa5d1d7ff124", size = 53985, upload-time = "2024-06-09T23:19:21.909Z" },
]

[[package]]
name = "pluggy"
version = "1.5.0"
source = { registry = "https://pypi.org/simple" }
sdist = { url = "https://files.pythonhosted.org/packages/96/2d/02d4312c973c6050a18b314a5ad0b3210edb65a906f868e31c111dede4a6/pluggy-1.5.0.tar.gz", hash = "sha256:2cffa88e94fdc978c4c574f15f9e59b7f4201d439195c3715ca9e2486f1d0cf1", size = 67955, upload-time = "2024-04-20T21:34:42.531Z" }
wheels = [
    { url = "https://files.pythonhosted.org/packages/88/5f/e351af9a41f866ac3f1fac4ca0613908d9a41741cfcf2228f4ad853b697d/pluggy-1.5.0-py3-none-any.whl", hash = "sha256:44e1ad92c8ca002de6377e165f3e0f1be63266ab4d554740532335b9d75ea669", size = 20556, upload-time = "2024-04-20T21:34:40.434Z" },
]

[[package]]
name = "pygments"
version = "2.19.2"
source = { registry = "https://pypi.org/simple" }
sdist = { url = "https://files.pythonhosted.org/packages/b0/77/a5b8c569bf593b0140bde72ea885a803b82086995367bf2037de0159d924/pygments-2.19.2.tar.gz", hash = "sha256:636cb2477cec7f8952536970bc533bc43743542f70392ae026374600add5b887", size = 4968631, upload-time = "2025-06-21T13:39:12.283Z" }
wheels = [
    { url = "https://files.pythonhosted.org/packages/c7/21/705964c7812476f378728bdf590ca4b771ec72385c533964653c68e86bdc/pygments-2.19.2-py3-none-any.whl", hash = "sha256:86540386c03d588bb81d44bc3928634ff26449851e99741617ecb9037ee5ec0b", size = 1225217, upload-time = "2025-06-21T13:39:07.939Z" },
]

[[package]]
name = "pytest"
version = "9.1.1"
source = { registry = "https://pypi.org/simple" }
dependencies = [
    { name = "colorama", marker = "sys_platform == 'win32'" },
    { name = "exceptiongroup", marker = "python_full_version < '3.11'" },
    { name = "iniconfig" },
    { name = "packaging" },
    { name = "pluggy" },
    { name = "pygments" },
    { name = "tomli", marker = "python_full_version < '3.11'" },
]
sdist = { url = "https://files.pythonhosted.org/packages/e4/47/b9efed96c114afcfa3c9d3fe98a76a1d14c74a9e266d397cf6eb64be5e01/pytest-9.1.1.tar.gz", hash = "sha256:1088fbde8f2b49d95a549a195707afa7a76a3ce9bcadc26b6d71f0ffda5fe313", size = 1636369, upload-time = "2026-06-19T10:58:32.857Z" }
wheels = [
    { url = "https://files.pythonhosted.org/packages/24/25/1de2678b631f5a49215c6c96fff41ba892b0a34df68d6d80292b1b48aa7f/pytest-9.1.1-py3-none-any.whl", hash = "sha256:37a86b45efb9a47a61a36449063e8e18d0cab3161329fc099eb21783169c4f0c", size = 386536, upload-time = "2026-06-19T10:58:31.347Z" },
]

[[package]]
name = "pytest-rerunfailures"
version = "16.7"
source = { registry = "https://pypi.org/simple" }
dependencies = [
    { name = "packaging" },
    { name = "pytest" },
]
sdist = { url = "https://files.pythonhosted.org/packages/d1/b0/6b5337f9d59b26b0069ea3d5e863c31dc04b69e51bbfb1cf2ea6328fba87/pytest_rerunfailures-16.7.tar.gz", hash = "sha256:6956ddfb65ca1d07e7e3d99e2c5359d82300f4cb062e6049563bd2c106f72d5c", size = 59666, upload-time = "2026-09-17T07:08:48.871Z" }
wheels = [
    { url = "https://files.pythonhosted.org/packages/c1/d3/07ea35102cf2020ddaaac368d2a6f0bcc63d6523fb8918805bac3eb8b98f/pytest_rerunfailures-16.7-py3-none-any.whl", hash = "sha256:edf1886209c2b7dafe35b5bf1708d6ec40ccf6c6b357f0f02807efcec0204c99", size = 23952, upload-time = "2026-09-17T07:08:47.635Z" },
]

[[package]]
name = "ruff"
version = "0.16.9"
source = { registry = "https://pypi.org/simple" }
sdist = { url = "https://files.pythonhosted.org/packages/96/bf/c935ca98e73fe8ce65b87ef08a280c0c1e85295d569228c15e87d8fdfaf1/ruff-0.16.9.tar.gz", hash = "sha256:12b625c6cfba78d285d9f48eda5f053374f1e53cb10ef17342a383750db99161", size = 4948764, upload-time = "2026-09-24T20:37:49.416Z" }
wheels = [
    { url = "https://files.pythonhosted.org/packages/0d/26/df51322b52ee1ada7eff2d071ea09d11d5c2d1dcc9f02594f5785c4d1635/ruff-0.16.9-py3-none-linux_armv6l.whl", hash = "sha256:95e6f022090368ab3b824c36276839c53b2adf1a3f4c09fefc33dfc400f6da96", size = 10082922, upload-time = "2026-09-24T20:37:13.045Z" },
    { url = "https://files.pythonhosted.org/packages/a5/27/7bf51f5a7aa375e9f339280a303aab44ca75dc1525f1cdc5991761685b0f/ruff-0.16.9-py3-none-macosx_10_12_x86_64.whl", hash = "sha256:a5f27be168556594a86d2f415db0cf43f5291917849318f873c7e2791f7a8c67", size = 10236360, upload-time = "2026-09-24T20:37:16.049Z" },
    { url = "https://files.pythonhosted.org/packages/b6/63/09659283f92f02dff45809da194a70da2f688d87c55d8875c4fae3536072/ruff-0.16.9-py3-none-macosx_11_0_arm64.whl", hash = "sha256:1632eb1d6197f33bd00b1acbc5b71009e89a8895c158e2d2b03a834fac964ab6", size = 9892940, upload-time = "2026-09-24T20:37:17.957Z" },
    { url = "https://files.pythonhosted.org/packages/24/58/98de1b72ec172f5f8f1731236fe21585b3998bf7dfe9fcc44ae9ba626012/ruff-0.16.9-py3-none-manylinux_2_17_aarch64.manylinux2014_aarch64.whl", hash = "sha256:b3f951b14d865d5952c89d40a5ca07e87abe24fa5453299878411e127748fb1c", size = 10032114, upload-time = "2026-09-24T20:37:19.942Z" },
    { url = "https://files.pythonhosted.org/packages/c8/7d/f1e17c54ab59d4bad1dce8ee3e22a7a1d0ef4745240decacdcf3832b5bb2/ruff-0.16.9-py3-none-manylinux_2_17_armv7l.manylinux2014_armv7l.whl", hash = "sha256:447fc07e1573afff7cb02803462b12b6c8ece7cf10e2cd78565fa6d7a1c0bf8d", size = 9910227, upload-time = "2026-09-24T20:37:21.872Z" },
    { url = "https://files.pythonhosted.org/packages/34/19/436f647a65075bbd3bab2668b3bdaa5120559b294694018cdcefabbbf30b/ruff-0.16.9-py3-none-manylinux_2_17_i686.manylinux2014_i686.whl", hash = "sha256:8a3e039a6a40ed976c491722b60e0ae4a4aa1a86057f540ee7a37a5d19ae9120", size = 10547484, upload-time = "2026-09-24T20:37:24.229Z" },
    { url = "https://files.pythonhosted.org/packages/03/59/38430a6bc2f6d8095447ac39625cf8b6e9344a47e6c26225c8ba1bff3ffb/ruff-0.16.9-py3-none-manylinux_2_17_ppc64le.manylinux2014_ppc64le.whl", hash = "sha256:4684dded7db60aa57cb118fa158630f5feade4af5782903b6053484bdf9bd129", size = 11412367, upload-time = "2026-09-24T20:37:26.307Z" },
    { url = "https://files.pythonhosted.org/packages/c8/bd/bbb6d7fc7f208c8b8c50dd5dc8206e4cfdb1e7a8fb852606a3adf370c880/ruff-0.16.9-py3-none-manylinux_2_17_s390x.manylinux2014_s390x.whl", hash = "sha256:d29c934357e45642fda2f34c0b1f4025b4a6c01e15e4bf0016879d60078a142c", size = 10869787, upload-time = "2026-09-24T20:37:28.35Z" },
    { url = "https://files.pythonhosted.org/packages/bc/b8/9c543074918061abbefc3bd139bee22de35abedb00dde0f2d27288838962/ruff-0.16.9-py3-none-manylinux_2_17_x86_64.manylinux2014_x86_64.whl", hash = "sha256:a21713e629d3e5bdb2f5c2def1cc7f04f47fa8e1a7eb0571b4a28e1da64bc728", size = 10406494, upload-time = "2026-09-24T20:37:30.624Z" },
    { url = "https://files.pythonhosted.org/packages/35/7a/5a8851bd146e7ccf8fd4b003f6c75c11f8fbdb0e60673b45097986b6bf41/ruff-0.16.9-py3-none-manylinux_2_31_riscv64.whl", hash = "sha256:7baa24ef5fc8e77aa93879e1d3f43754a01ae488e869f1ae30cf431afd4d2452", size = 10590083, upload-time = "2026-09-24T20:37:32.439Z" },
    { url = "https://files.pythonhosted.org/packages/87/f0/4c3467188f23f806960b46fa76575a7cd0514c9ba90562650b71efc96980/ruff-0.16.9-py3-none-musllinux_1_2_aarch64.whl", hash = "sha256:a41aac6230aadfaa133bdfa1614488531ffa3e0837567ae04c0da2058a9c0f9e", size = 10119151, upload-time = "2026-09-24T20:37:34.581Z" },
    { url = "https://files.pythonhosted.org/packages/15/34/5a4def5adea572ce6aea0bb64f21f928ee317b80e0db747d7979b01d7261/ruff-0.16.9-py3-none-musllinux_1_2_armv7l.whl", hash = "sha256:c2529fb5896d49115b0e9aa8f887490b34bbe76baf879ec2264ac59406869ce7", size = 9911544, upload-time = "2026-09-24T20:37:36.796Z" },
    { url = "https://files.pythonhosted.org/packages/62/5d/d15ebea7499eef9373318c0ee6ca127832927c6529731f6d48e18dce7ca9/ruff-0.16.9-py3-none-musllinux_1_2_i686.whl", hash = "sha256:41e3870277694177429b56406d65dfbdb2c2802c52b715edaf6a0b829c69d4ee", size = 10269884, upload-time = "2026-09-24T20:37:38.857Z" },
    { url = "https://files.pythonhosted.org/packages/d1/56/c5d3cd119ded7a3c7aba0e961b69cb3df701c91662c98ad694467d060ce1/ruff-0.16.9-py3-none-musllinux_1_2_x86_64.whl", hash = "sha256:8adbe4e58af167f767d7b2ba5e83c42e878350796cf78c2f5e14ab9903a92588", size = 10749366, upload-time = "2026-09-24T20:37:41.042Z" },
    { url = "https://files.pythonhosted.org/packages/ac/fe/734ec7527029ac757ecf821f143c9f3fcf69149c21f53a044a899b430f5a/ruff-0.16.9-py3-none-win32.whl", hash = "sha256:0e1dbc2073624dee6618d41d0098690a7244654af746704b64759e12b6b6b385", size = 10152355, upload-time = "2026-09-24T20:37:43.025Z" },
    { url = "https://files.pythonhosted.org/packages/14/21/26e4643629b3ebb44f0a06f9c9a53058d63d989415f63a9a3c28e2ee7f22/ruff-0.16.9-py3-none-win_amd64.whl", hash = "sha256:6bd40fec8cd4c8a3d4dd589bd8ad4e6320c13c29234159bfd959a40d529d597b", size = 10592965, upload-time = "2026-09-24T20:37:44.944Z" },
    { url = "https://files.pythonhosted.org/packages/51/60/5fb1a39dbb5ae314d5f59bc7348a63c1d5c20f3cd83914c4b5cb0be31d2d/ruff-0.16.9-py3-none-win_arm64.whl", hash = "sha256:ed1a252039200f57a59eebc063b54beabea67bfbaaca0eeaa7f54b5fbcda2284", size = 10458649, upload-time = "2026-09-24T20:37:46.882Z" },
]

[[package]]
name = "tomli"
version = "2.0.2"
source = { registry = "https://pypi.org/simple" }
sdist = { url = "https://files.pythonhosted.org/packages/35/b9/de2a5c0144d7d75a57ff355c0c24054f965b2dc3036456ae03a51ea6264b/tomli-2.0.2.tar.gz", hash = "sha256:d46d457a85337051c36524bc5349dd91b1877838e2979ac5ced3e710ed8a60ed", size = 16096, upload-time = "2024-10-02T10:46:13.208Z" }
wheels = [
    { url = "https://files.pythonhosted.org/packages/cf/db/ce8eda256fa131af12e0a76d481711abe4681b6923c27efb9a255c9e4594/tomli-2.0.2-py3-none-any.whl", hash = "sha256:2ebe24485c53d303f690b0ec092806a085f07af5a5aa1464f3931eec36caaa38", size = 13237, upload-time = "2024-10-02T10:46:11.806Z" },
]

[[package]]
name = "ty"
version = "0.0.84"
source = { registry = "https://pypi.org/simple" }
sdist = { url = "https://files.pythonhosted.org/packages/e1/f6/34f8869c45ea87fe6a931ffa824b1fe4428167173543d92988d631add355/ty-0.0.84.tar.gz", hash = "sha256:0cefdb0cd5d399418dbe83c349ba605047b7dff815ae6f460c80e8522b40be67", size = 7409537, upload-time = "2026-09-24T13:16:24.367Z" }
wheels = [
    { url = "https://files.pythonhosted.org/packages/aa/0c/600648778e1c79133ce6b6a5c4c2531ae16b90c9b30f5041b38b574f61b8/ty-0.0.84-py3-none-linux_armv6l.whl", hash = "sha256:868438e2b9abfc835dd5b5b07ed693db95d8348ac40e3228252511d63ae87695", size = 13935333, upload-time = "2026-09-24T13:15:31.167Z" },
    { url = "https://files.pythonhosted.org/packages/c5/3b/27f06f49945c36170765fad82076898039ae3873338e9865f876dd62f12c/ty-0.0.84-py3-none-macosx_10_12_x86_64.whl", hash = "sha256:b00f39b521f0b559cde0f6abf8dd47213b513b04f33d58efeb9b98486a16bb17", size = 13511328, upload-time = "2026-09-24T13:15:34.446Z" },
    { url = "https://files.pythonhosted.org/packages/fc/b6/b12dd130e7f30141f0645614f454c925991cd389b1cc6c8284fd6bf32326/ty-0.0.84-py3-none-macosx_11_0_arm64.whl", hash = "sha256:8f78c2915567f2ee62ce0c24d86091bc76f81577677755e242d09951db588b9a", size = 13445445, upload-time = "2026-09-24T13:15:37.476Z" },
    { url = "https://files.pythonhosted.org/packages/44/96/f012de4b3c1d9a4773326621380d768b4d48c47e620dc012775c5e01c7d7/ty-0.0.84-py3-none-manylinux_2_17_aarch64.manylinux2014_aarch64.whl", hash = "sha256:61155cad0921e890d86d1d911a40b3a0e924ef4bdc3b4f3865a6c89c7e3012dc", size = 13471235, upload-time = "2026-09-24T13:15:40.64Z" },
    { url = "https://files.pythonhosted.org/packages/05/32/dca630f5f5353fa7bf67eebccf1549df99b16656d21071d0df6677c826a5/ty-0.0.84-py3-none-manylinux_2_17_armv7l.manylinux2014_armv7l.whl", hash = "sha256:417c3bf14947ed16b0b92976ab333c27915590354e96d4f581709068d3811355", size = 13680704, upload-time = "2026-09-24T13:15:43.817Z" },
    { url = "https://files.pythonhosted.org/packages/44/8d/33702c8f62f05ad45b33644fb914d483de6a0a7bc8e51884e9b8773e6d69/ty-0.0.84-py3-none-manylinux_2_17_i686.manylinux2014_i686.whl", hash = "sha256:e06ef117759f654f5379efe9ae79bda8a186016c016f1023d05c34f8e15c1546", size = 14518923, upload-time = "2026-09-24T13:15:46.802Z" },
    { url = "https://files.pythonhosted.org/packages/c8/a1/da3246e6ef2ae0e842bca4058b25c54bee55ab058ffff4ee54e72517ec01/ty-0.0.84-py3-none-manylinux_2_17_ppc64le.manylinux2014_ppc64le.whl", hash = "sha256:a05d1d53db8b64410ab38c6e32c5898510584869d1d5dd9c0605db81c9aef7df", size = 15027731, upload-time = "2026-09-24T13:15:49.755Z" },
    { url = "https://files.pythonhosted.org/packages/20/17/b0099098a560aeb4f9fde6c912f9a81622c3e44e6555e1fbe322b368ec31/ty-0.0.84-py3-none-manylinux_2_17_s390x.manylinux2014_s390x.whl", hash = "sha256:b92400494ab855cfb1204ac1101e3f53b2d09a8e21d171758b2cf9acdab1809e", size = 14748260, upload-time = "2026-09-24T13:15:52.713Z" },
    { url = "https://files.pythonhosted.org/packages/60/d5/32cd67aedb271f006e716ad093806c96c5d7e2af86be8255469dbd3d76c8/ty-0.0.84-py3-none-manylinux_2_17_x86_64.manylinux2014_x86_64.whl", hash = "sha256:af17eb391ae3027fed9be1780bea555c2b8a25ba68e184c627b4981b2c9eaab7", size = 14205858, upload-time = "2026-09-24T13:15:55.677Z" },
    { url = "https://files.pythonhosted.org/packages/43/c4/638ac62ca2e8eca1b92e3e16273085744fada728b993500819b5c258ca15/ty-0.0.84-py3-none-manylinux_2_31_riscv64.whl", hash = "sha256:44cf06af0e7ec78ea6d8ff33a3450fc19627756a4fba681f7410d4e3ef63047a", size = 14573196, upload-time = "2026-09-24T13:15:59.165Z" },
    { url = "https://files.pythonhosted.org/packages/a6/f6/9ee81c5d8921e5fd5f10889ae563c95cd3272b31df2ada528919ca1cef6b/ty-0.0.84-py3-none-musllinux_1_2_aarch64.whl", hash = "sha256:c6e56b443ff9ba462e34bfbc1e582004c2719ed35f8f93a433744b0ba0afb2d9", size = 13480760, upload-time = "2026-09-24T13:16:02.313Z" },
    { url = "https://files.pythonhosted.org/packages/f6/83/fbe5d1177667ae16d84c3242846b143809c9cc09568b333e5a9b4d5908f6/ty-0.0.84-py3-none-musllinux_1_2_armv7l.whl", hash = "sha256:8b6562fcc48820c1030e2a4509ef2c14ef93043ca4860280074314ac3a825b95", size = 13696346, upload-time = "2026-09-24T13:16:05.391Z" },
    { url = "https://files.pythonhosted.org/packages/86/9a/1b4ac9ddc34cc0ab4624bc219825d66af52f1ad87f4778ad08ad03fa06d5/ty-0.0.84-py3-none-musllinux_1_2_i686.whl", hash = "sha256:dee7421451efcbd70f03e95a8f2c8d9e5ec3d35edcd27b4095ee00ee062abfc4", size = 13959410, upload-time = "2026-09-24T13:16:08.661Z" },
    { url = "https://files.pythonhosted.org/packages/c9/04/70e289437a67dfd686056ab4fd91880261a8233033a6a95d29393741fb97/ty-0.0.84-py3-none-musllinux_1_2_x86_64.whl", hash = "sha256:31e96307cf621babe969307dd657783d672e2d8bdbd06493710da635bf63fa07", size = 14350294, upload-time = "2026-09-24T13:16:11.865Z" },
    { url = "https://files.pythonhosted.org/packages/9c/f4/ae7dbd118425c850981d23efb850f0d9d7f6b8d2b852bde2767434f668b4/ty-0.0.84-py3-none-win32.whl", hash = "sha256:4bdc85f91cbaae35825f2b17bb4ac5de0563367875cb0f42b2bf07a1bf7ff2ba", size = 13176439, upload-time = "2026-09-24T13:16:15.049Z" },
    { url = "https://files.pythonhosted.org/packages/29/ec/994d87252f065dda5a500bc8afc726d18f6582d81d6f4ff1feb8a267c800/ty-0.0.84-py3-none-win_amd64.whl", hash = "sha256:71cc9aa7a7c89d4e12c6a814e9c0c3310ad5bee44efedbd6f5a42d91e9ac0f0d", size = 13962879, upload-time = "2026-09-24T13:16:18.191Z" },
    { url = "https://files.pythonhosted.org/packages/6d/1c/e6e91852b72566b1ab9aca504712857dfb89324c12092a5bd61d42d34427/ty-0.0.84-py3-none-win_arm64.whl", hash = "sha256:6c9d3718c4a0d318bc9c92af9b2aa85c3294e7dff54cf1d69ad79568f56516da", size = 13656453, upload-time = "2026-09-24T13:16:21.51Z" },
]
